
Microsoft Visual Studio Solution File, Format Version 12.00
# Visual Studio Version 18
VisualStudioVersion = 18.10.12217.157 stable
MinimumVisualStudioVersion = 10.0.40219.1
Project("{FAE04EC0-301F-11D3-BF4B-00C04F79EFBC}") = "Br.MetanoTech.Laboratory.Aws.WebApi", "src\Br.MetanoTech.Laboratory.Aws.WebApi\Br.MetanoTech.Laboratory.Aws.WebApi.csproj", "{1BEA59B0-98B7-ABF3-95F1-A41EB17B208A}"
EndProject
Project("{FAE04EC0-301F-11D3-BF4B-00C04F79EFBC}") = "Br.MetanoTech.Aws.Sdk", "src\Br.MetanoTech.Aws.Sdk\Br.MetanoTech.Aws.Sdk.csproj", "{C4E4E9D5-F0AF-D077-0F66-805A069C266A}"
EndProject
Global
	GlobalSection(SolutionConfigurationPlatforms) = preSolution
		Debug|Any CPU = Debug|Any CPU
		Release|Any CPU = Release|Any CPU
	EndGlobalSection
	GlobalSection(ProjectConfigurationPlatforms) = postSolution
		{1BEA59B0-98B7-ABF3-95F1-A41EB17B208A}.Debug|Any CPU.ActiveCfg = Debug|Any CPU
		{1BEA59B0-98B7-ABF3-95F1-A41EB17B208A}.Debug|Any CPU.Build.0 = Debug|Any CPU
		{1BEA59B0-98B7-ABF3-95F1-A41EB17B208A}.Release|Any CPU.ActiveCfg = Release|Any CPU
		{1BEA59B0-98B7-ABF3-95F1-A41EB17B208A}.Release|Any CPU.Build.0 = Release|Any CPU
		{C4E4E9D5-F0AF-D077-0F66-805A069C266A}.Debug|Any CPU.ActiveCfg = Debug|Any CPU
		{C4E4E9D5-F0AF-D077-0F66-805A069C266A}.Debug|Any CPU.Build.0 = Debug|Any CPU
		{C4E4E9D5-F0AF-D077-0F66-805A069C266A}.Release|Any CPU.ActiveCfg = Release|Any CPU
		{C4E4E9D5-F0AF-D077-0F66-805A069C266A}.Release|Any CPU.Build.0 = Release|Any CPU
	EndGlobalSection
	GlobalSection(SolutionProperties) = preSolution
		HideSolutionNode = FALSE
	EndGlobalSection
	GlobalSection(ExtensibilityGlobals) = postSolution
		SolutionGuid = {7CAAAD29-A3E9-41CF-B941-BEBFBD2D209F}
	EndGlobalSection
EndGlobal
